
Microsoft Visual Studio Solution File, Format Version 12.00
Project("{FAE04EC0-301F-11D3-BF4B-00C04F79EFBC}") = "RPG", "RPG\RPG.csproj", "{623B287D-E070-4CEE-B1D9-21F8252A4E03}"
EndProject
Global
	GlobalSection(SolutionConfigurationPlatforms) = preSolution
		Debug|Any CPU = Debug|Any CPU
		Release|Any CPU = Release|Any CPU
	EndGlobalSection
	GlobalSection(ProjectConfigurationPlatforms) = postSolution
		{623B287D-E070-4CEE-B1D9-21F8252A4E03}.Debug|Any CPU.ActiveCfg = Debug|Any CPU
		{623B287D-E070-4CEE-B1D9-21F8252A4E03}.Debug|Any CPU.Build.0 = Debug|Any CPU
		{623B287D-E070-4CEE-B1D9-21F8252A4E03}.Release|Any CPU.ActiveCfg = Release|Any CPU
		{623B287D-E070-4CEE-B1D9-21F8252A4E03}.Release|Any CPU.Build.0 = Release|Any CPU
	EndGlobalSection
EndGlobal
