
Microsoft Visual Studio Solution File, Format Version 12.00
# Visual Studio Version 17
VisualStudioVersion = 17.8.34511.84
MinimumVisualStudioVersion = 10.0.40219.1
Project("{FAE04EC0-301F-11D3-BF4B-00C04F79EFBC}") = "ModuloAPI", "ModuloAPI.csproj", "{662BA5D1-8E93-47DD-AA7F-7798DA183282}"
EndProject
Global
	GlobalSection(SolutionConfigurationPlatforms) = preSolution
		Debug|Any CPU = Debug|Any CPU
		Release|Any CPU = Release|Any CPU
	EndGlobalSection
	GlobalSection(ProjectConfigurationPlatforms) = postSolution
		{662BA5D1-8E93-47DD-AA7F-7798DA183282}.Debug|Any CPU.ActiveCfg = Debug|Any CPU
		{662BA5D1-8E93-47DD-AA7F-7798DA183282}.Debug|Any CPU.Build.0 = Debug|Any CPU
		{662BA5D1-8E93-47DD-AA7F-7798DA183282}.Release|Any CPU.ActiveCfg = Release|Any CPU
		{662BA5D1-8E93-47DD-AA7F-7798DA183282}.Release|Any CPU.Build.0 = Release|Any CPU
	EndGlobalSection
	GlobalSection(SolutionProperties) = preSolution
		HideSolutionNode = FALSE
	EndGlobalSection
	GlobalSection(ExtensibilityGlobals) = postSolution
		SolutionGuid = {A4081A93-F53F-49DD-BBC1-C933D04B160E}
	EndGlobalSection
EndGlobal
