
Microsoft Visual Studio Solution File, Format Version 12.00
# Visual Studio Version 17
VisualStudioVersion = 17.8.34408.163
MinimumVisualStudioVersion = 10.0.40219.1
Project("{FAE04EC0-301F-11D3-BF4B-00C04F79EFBC}") = "Fundamentos c#", "Fundamentos c#\Fundamentos c#.csproj", "{86E69171-7023-462F-9DD8-D073BDCCC535}"
EndProject
Global
	GlobalSection(SolutionConfigurationPlatforms) = preSolution
		Debug|Any CPU = Debug|Any CPU
		Release|Any CPU = Release|Any CPU
	EndGlobalSection
	GlobalSection(ProjectConfigurationPlatforms) = postSolution
		{86E69171-7023-462F-9DD8-D073BDCCC535}.Debug|Any CPU.ActiveCfg = Debug|Any CPU
		{86E69171-7023-462F-9DD8-D073BDCCC535}.Debug|Any CPU.Build.0 = Debug|Any CPU
		{86E69171-7023-462F-9DD8-D073BDCCC535}.Release|Any CPU.ActiveCfg = Release|Any CPU
		{86E69171-7023-462F-9DD8-D073BDCCC535}.Release|Any CPU.Build.0 = Release|Any CPU
	EndGlobalSection
	GlobalSection(SolutionProperties) = preSolution
		HideSolutionNode = FALSE
	EndGlobalSection
	GlobalSection(ExtensibilityGlobals) = postSolution
		SolutionGuid = {598CA058-1CAF-4104-87FC-B814B65FFD36}
	EndGlobalSection
EndGlobal
